{
    "name": "language-ev2",
    "version": "0.0.1",
    "lockfileVersion": 1,
    "requires": true,
    "dependencies": {
        "@types/mocha": {
            "version": "8.0.3",
            "resolved": "https://registry.npmjs.org/@types/mocha/-/mocha-8.0.3.tgz",
            "integrity": "sha512-vyxR57nv8NfcU0GZu8EUXZLTbCMupIUwy95LJ6lllN+JRPG25CwMHoB1q5xKh8YKhQnHYRAn4yW2yuHbf/5xgg==",
            "dev": true
        },
        "@types/node": {
            "version": "14.14.10",
            "resolved": "https://registry.npmjs.org/@types/node/-/node-14.14.10.tgz",
            "integrity": "sha512-J32dgx2hw8vXrSbu4ZlVhn1Nm3GbeCFNw2FWL8S5QKucHGY0cyNwjdQdO+KMBZ4wpmC7KhLCiNsdk1RFRIYUQQ==",
            "dev": true
        },
        "@types/vscode": {
            "version": "1.50.0",
            "resolved": "https://registry.npmjs.org/@types/vscode/-/vscode-1.50.0.tgz",
            "integrity": "sha512-QnIeyi4L2DiD9M2bAQKRzT/EQvc80qP9UL6JD5TiLlNRL1khIDg4ej4mDSRbtFrDAsRntFI1RhMvdomUThMsqg==",
            "dev": true
        },
        "balanced-match": {
            "version": "1.0.0",
            "resolved": "https://registry.npmjs.org/balanced-match/-/balanced-match-1.0.0.tgz",
            "integrity": "sha1-ibTRmasr7kneFk6gK4nORi1xt2c=",
            "dev": true
        },
        "brace-expansion": {
            "version": "1.1.11",
            "resolved": "https://registry.npmjs.org/brace-expansion/-/brace-expansion-1.1.11.tgz",
            "integrity": "sha512-iCuPHDFgrHX7H2vEI/5xpz07zSHB00TpugqhmYtVmMO6518mCuRMoOYFldEBl0g187ufozdaHgWKcYFb61qGiA==",
            "dev": true,
            "requires": {
                "balanced-match": "^1.0.0",
                "concat-map": "0.0.1"
            }
        },
        "concat-map": {
            "version": "0.0.1",
            "resolved": "https://registry.npmjs.org/concat-map/-/concat-map-0.0.1.tgz",
            "integrity": "sha1-2Klr13/Wjfd5OnMDajug1UBdR3s=",
            "dev": true
        },
        "es6-promise": {
            "version": "4.2.8",
            "resolved": "https://registry.npmjs.org/es6-promise/-/es6-promise-4.2.8.tgz",
            "integrity": "sha512-HJDGx5daxeIvxdBxvG2cb9g4tEvwIk3i8+nhX0yGrYmZUzbkdg8QbDevheDB8gd0//uPj4c1EQua8Q+MViT0/w==",
            "dev": true
        },
        "es6-promisify": {
            "version": "5.0.0",
            "resolved": "https://registry.npmjs.org/es6-promisify/-/es6-promisify-5.0.0.tgz",
            "integrity": "sha1-UQnWLz5W6pZ8S2NQWu8IKRyKUgM=",
            "dev": true,
            "requires": {
                "es6-promise": "^4.0.3"
            }
        },
        "fs.realpath": {
            "version": "1.0.0",
            "resolved": "https://registry.npmjs.org/fs.realpath/-/fs.realpath-1.0.0.tgz",
            "integrity": "sha1-FQStJSMVjKpA20onh8sBQRmU6k8=",
            "dev": true
        },
        "glob": {
            "version": "7.1.6",
            "resolved": "https://registry.npmjs.org/glob/-/glob-7.1.6.tgz",
            "integrity": "sha512-LwaxwyZ72Lk7vZINtNNrywX0ZuLyStrdDtabefZKAY5ZGJhVtgdznluResxNmPitE0SAO+O26sWTHeKSI2wMBA==",
            "dev": true,
            "requires": {
                "fs.realpath": "^1.0.0",
                "inflight": "^1.0.4",
                "inherits": "2",
                "minimatch": "^3.0.4",
                "once": "^1.3.0",
                "path-is-absolute": "^1.0.0"
            }
        },
        "inflight": {
            "version": "1.0.6",
            "resolved": "https://registry.npmjs.org/inflight/-/inflight-1.0.6.tgz",
            "integrity": "sha1-Sb1jMdfQLQwJvJEKEHW6gWW1bfk=",
            "dev": true,
            "requires": {
                "once": "^1.3.0",
                "wrappy": "1"
            }
        },
        "inherits": {
            "version": "2.0.4",
            "resolved": "https://registry.npmjs.org/inherits/-/inherits-2.0.4.tgz",
            "integrity": "sha512-k/vGaX4/Yla3WzyMCvTQOXYeIHvqOKtnqBduzTHpzpQZzAskKMhZ2K+EnBiSM9zGSoIFeMpXKxa4dYeZIQqewQ==",
            "dev": true
        },
        "minimatch": {
            "version": "3.0.4",
            "resolved": "https://registry.npmjs.org/minimatch/-/minimatch-3.0.4.tgz",
            "integrity": "sha512-yJHVQEhyqPLUTgt9B83PXu6W3rx4MvvHvSUvToogpwoGDOUQ+yDrR0HRot+yOCdCO7u4hX3pWft6kWBBcqh0UA==",
            "dev": true,
            "requires": {
                "brace-expansion": "^1.1.7"
            }
        },
        "once": {
            "version": "1.4.0",
            "resolved": "https://registry.npmjs.org/once/-/once-1.4.0.tgz",
            "integrity": "sha1-WDsap3WWHUsROsF9nFC6753Xa9E=",
            "dev": true,
            "requires": {
                "wrappy": "1"
            }
        },
        "path-is-absolute": {
            "version": "1.0.1",
            "resolved": "https://registry.npmjs.org/path-is-absolute/-/path-is-absolute-1.0.1.tgz",
            "integrity": "sha1-F0uSaHNVNP+8es5r9TpanhtcX18=",
            "dev": true
        },
        "rimraf": {
            "version": "2.7.1",
            "resolved": "https://registry.npmjs.org/rimraf/-/rimraf-2.7.1.tgz",
            "integrity": "sha512-uWjbaKIK3T1OSVptzX7Nl6PvQ3qAGtKEtVRjRuazjfL3Bx5eI409VZSqgND+4UNnmzLVdPj9FqFJNPqBZFve4w==",
            "dev": true,
            "requires": {
                "glob": "^7.1.3"
            }
        },
        "semver": {
            "version": "6.3.0",
            "resolved": "https://registry.npmjs.org/semver/-/semver-6.3.0.tgz",
            "integrity": "sha512-b39TBaTSfV6yBrapU89p5fKekE2m/NwnDocOVruQFS1/veMgdzuPcnOM34M6CwxW8jH/lxEa5rBoDeUwu5HHTw=="
        },
        "typescript": {
            "version": "4.1.2",
            "resolved": "https://registry.npmjs.org/typescript/-/typescript-4.1.2.tgz",
            "integrity": "sha512-thGloWsGH3SOxv1SoY7QojKi0tc+8FnOmiarEGMbd/lar7QOEd3hvlx3Fp5y6FlDUGl9L+pd4n2e+oToGMmhRQ==",
            "dev": true
        },
        "vscode-jsonrpc": {
            "version": "6.0.0-next.7",
            "resolved": "https://registry.npmjs.org/vscode-jsonrpc/-/vscode-jsonrpc-6.0.0-next.7.tgz",
            "integrity": "sha512-1nG+6cuTtpzmXe7yYfO9GCkYlyV6Ai+jDnwidHiT2T7zhc+bJM+VTtc0T/CdTlDyTNTqIcCj0V1nD4TcVjJ7Ug=="
        },
        "vscode-languageclient": {
            "version": "7.0.0-next.9",
            "resolved": "https://registry.npmjs.org/vscode-languageclient/-/vscode-languageclient-7.0.0-next.9.tgz",
            "integrity": "sha512-lFO+rN/i72CM2va6iKXq1lD7pJg8J93KEXf0w0boWVqU+DJhWzLrV3pXl8Xk1nCv//qOAyhlc/nx2KZCTeRF/A==",
            "requires": {
                "semver": "^6.3.0",
                "vscode-languageserver-protocol": "3.16.0-next.7"
            },
            "dependencies": {
                "vscode-jsonrpc": {
                    "version": "6.0.0-next.5",
                    "resolved": "https://registry.npmjs.org/vscode-jsonrpc/-/vscode-jsonrpc-6.0.0-next.5.tgz",
                    "integrity": "sha512-IAgsltQPwg/pXOPsdXgbUTCaO9VSKZwirZN5SGtkdYQ/R3VjeC4v00WTVvoNayWMZpoC3O9u0ogqmsKzKhVasQ=="
                },
                "vscode-languageserver-protocol": {
                    "version": "3.16.0-next.7",
                    "resolved": "https://registry.npmjs.org/vscode-languageserver-protocol/-/vscode-languageserver-protocol-3.16.0-next.7.tgz",
                    "integrity": "sha512-tOjrg+K3RddJ547zpC9/LAgTbzadkPuHlqJFFWIcKjVhiJOh73XyY+Ngcu9wukGaTsuSGjJ0W8rlmwanixa0FQ==",
                    "requires": {
                        "vscode-jsonrpc": "6.0.0-next.5",
                        "vscode-languageserver-types": "3.16.0-next.3"
                    }
                },
                "vscode-languageserver-types": {
                    "version": "3.16.0-next.3",
                    "resolved": "https://registry.npmjs.org/vscode-languageserver-types/-/vscode-languageserver-types-3.16.0-next.3.tgz",
                    "integrity": "sha512-s/z5ZqSe7VpoXJ6JQcvwRiPPA3nG0nAcJ/HH03zoU6QaFfnkcgPK+HshC3WKPPnC2G08xA0iRB6h7kmyBB5Adg=="
                }
            }
        },
        "vscode-languageserver-protocol": {
            "version": "3.16.0-next.11",
            "resolved": "https://registry.npmjs.org/vscode-languageserver-protocol/-/vscode-languageserver-protocol-3.16.0-next.11.tgz",
            "integrity": "sha512-31FmupmSmfznuMuGp7qN6h3d/hKUbexbvcwTvrUE/igqRlzFU542s8MtGICx1ERbVuDOLGp96W2Z92qbUbmBPA==",
            "requires": {
                "vscode-jsonrpc": "6.0.0-next.7",
                "vscode-languageserver-types": "3.16.0-next.5"
            }
        },
        "vscode-languageserver-types": {
            "version": "3.16.0-next.5",
            "resolved": "https://registry.npmjs.org/vscode-languageserver-types/-/vscode-languageserver-types-3.16.0-next.5.tgz",
            "integrity": "sha512-lf8Y1XXMtF1r2oDDAmJe+drizNXkybSRXAQQk5dPy2rYJsY9SPXYNO074L3THu9zNYepzV5fRJZUPo/V/TLBRQ=="
        },
        "vscode-test": {
            "version": "1.4.0",
            "resolved": "https://registry.npmjs.org/vscode-test/-/vscode-test-1.4.0.tgz",
            "integrity": "sha512-Jt7HNGvSE0+++Tvtq5wc4hiXLIr2OjDShz/gbAfM/mahQpy4rKBnmOK33D+MR67ATWviQhl+vpmU3p/qwSH/Pg==",
            "dev": true,
            "requires": {
                "http-proxy-agent": "^2.1.0",
                "https-proxy-agent": "^2.2.4",
                "rimraf": "^2.6.3"
            },
            "dependencies": {
                "agent-base": {
                    "version": "4.3.0",
                    "resolved": "https://registry.npmjs.org/agent-base/-/agent-base-4.3.0.tgz",
                    "integrity": "sha512-salcGninV0nPrwpGNn4VTXBb1SOuXQBiqbrNXoeizJsHrsL6ERFM2Ne3JUSBWRE6aeNJI2ROP/WEEIDUiDe3cg==",
                    "dev": true,
                    "requires": {
                        "es6-promisify": "^5.0.0"
                    }
                },
                "debug": {
                    "version": "3.1.0",
                    "resolved": "https://registry.npmjs.org/debug/-/debug-3.1.0.tgz",
                    "integrity": "sha512-OX8XqP7/1a9cqkxYw2yXss15f26NKWBpDXQd0/uK/KPqdQhxbPa994hnzjcE2VqQpDslf55723cKPUOGSmMY3g==",
                    "dev": true,
                    "requires": {
                        "ms": "2.0.0"
                    }
                },
                "http-proxy-agent": {
                    "version": "2.1.0",
                    "resolved": "https://registry.npmjs.org/http-proxy-agent/-/http-proxy-agent-2.1.0.tgz",
                    "integrity": "sha512-qwHbBLV7WviBl0rQsOzH6o5lwyOIvwp/BdFnvVxXORldu5TmjFfjzBcWUWS5kWAZhmv+JtiDhSuQCp4sBfbIgg==",
                    "dev": true,
                    "requires": {
                        "agent-base": "4",
                        "debug": "3.1.0"
                    }
                },
                "https-proxy-agent": {
                    "version": "2.2.4",
                    "resolved": "https://registry.npmjs.org/https-proxy-agent/-/https-proxy-agent-2.2.4.tgz",
                    "integrity": "sha512-OmvfoQ53WLjtA9HeYP9RNrWMJzzAz1JGaSFr1nijg0PVR1JaD/xbJq1mdEIIlxGpXp9eSe/O2LgU9DJmTPd0Eg==",
                    "dev": true,
                    "requires": {
                        "agent-base": "^4.3.0",
                        "debug": "^3.1.0"
                    }
                },
                "ms": {
                    "version": "2.0.0",
                    "resolved": "https://registry.npmjs.org/ms/-/ms-2.0.0.tgz",
                    "integrity": "sha1-VgiurfwAvmwpAd9fmGF4jeDVl8g=",
                    "dev": true
                }
            }
        },
        "wrappy": {
            "version": "1.0.2",
            "resolved": "https://registry.npmjs.org/wrappy/-/wrappy-1.0.2.tgz",
            "integrity": "sha1-tSQ9jz7BqjXxNkYFvA0QNuMKtp8=",
            "dev": true
        }
    }
}
